
Microsoft Visual Studio Solution File, Format Version 12.00
Project("{2150E333-8FDC-42A3-9474-1A3956D46DE8}") = "src", "src", "{C3F6113C-692C-4E0F-BA5C-6D9FF0B78E45}"
EndProject
Project("{2150E333-8FDC-42A3-9474-1A3956D46DE8}") = "Modules", "Modules", "{68AA2D80-6AEE-427F-8D73-FD6285789E1D}"
EndProject
Project("{2150E333-8FDC-42A3-9474-1A3956D46DE8}") = "Travels", "Travels", "{73C76F87-5A67-4D95-A753-3860E4F02D20}"
EndProject
Project("{2150E333-8FDC-42A3-9474-1A3956D46DE8}") = "Payments", "Payments", "{6FE06AEC-3150-485E-9E84-F31A002A89CD}"
EndProject
Project("{2150E333-8FDC-42A3-9474-1A3956D46DE8}") = "Identity", "Identity", "{12DF6493-8527-41B3-B820-282F3CC02A8B}"
EndProject
Project("{2150E333-8FDC-42A3-9474-1A3956D46DE8}") = "Notifications", "Notifications", "{320CBA37-6E09-4846-A9B5-17F33B80BB54}"
EndProject
Project("{FAE04EC0-301F-11D3-BF4B-00C04F79EFBC}") = "Identity.Core", "Modules\Identity\Identity.Core\Identity.Core.csproj", "{3FF78D60-FB69-4452-8A4C-4DDDA18B6CF7}"
EndProject
Project("{FAE04EC0-301F-11D3-BF4B-00C04F79EFBC}") = "Identity.Infrastructure", "Modules\Identity\Identity.Infrastructure\Identity.Infrastructure.csproj", "{7D124BB2-303E-46A4-BF82-F12575E6C89F}"
EndProject
Project("{FAE04EC0-301F-11D3-BF4B-00C04F79EFBC}") = "Identity.Api", "Modules\Identity\Identity.Api\Identity.Api.csproj", "{AA1862A6-E79C-465C-9632-17EE744FF8FE}"
EndProject
Project("{2150E333-8FDC-42A3-9474-1A3956D46DE8}") = "Tests", "Tests", "{EAD10C64-D4E6-4812-BDC8-4CA1AD353574}"
EndProject
Project("{FAE04EC0-301F-11D3-BF4B-00C04F79EFBC}") = "Identity.UnitTests", "Modules\Identity\Tests\Identity.UnitTests\Identity.UnitTests.csproj", "{92D4408A-6713-41C2-A6E7-BF5E3C873A5E}"
EndProject
Project("{FAE04EC0-301F-11D3-BF4B-00C04F79EFBC}") = "Identity.IntegrationTests", "Modules\Identity\Tests\Identity.IntegrationTests\Identity.IntegrationTests.csproj", "{4BE6280F-3C24-4015-B439-076EAEFDB283}"
EndProject
Project("{2150E333-8FDC-42A3-9474-1A3956D46DE8}") = "Shared", "Shared", "{D4CE3C34-35F1-4273-AD83-6E61B265A310}"
EndProject
Project("{FAE04EC0-301F-11D3-BF4B-00C04F79EFBC}") = "CarPool.Shared", "Modules\Shared\CarPool.Shared\CarPool.Shared.csproj", "{0DC2599F-4945-45CC-9AB3-4FE0B1C6C4B2}"
EndProject
Project("{FAE04EC0-301F-11D3-BF4B-00C04F79EFBC}") = "Travel.Infrastructure", "Modules\Travels\Travel.Infrastructure\Travel.Infrastructure.csproj", "{D753FCA7-692C-4DFE-BDCA-7CAFD5D37E1C}"
EndProject
Project("{FAE04EC0-301F-11D3-BF4B-00C04F79EFBC}") = "Travel.Core", "Modules\Travels\Travel.Core\Travel.Core.csproj", "{A968B582-A7F0-4CF7-95EB-EE9D71EE3073}"
EndProject
Global
	GlobalSection(SolutionConfigurationPlatforms) = preSolution
		Debug|Any CPU = Debug|Any CPU
		Release|Any CPU = Release|Any CPU
	EndGlobalSection
	GlobalSection(ProjectConfigurationPlatforms) = postSolution
		{3FF78D60-FB69-4452-8A4C-4DDDA18B6CF7}.Debug|Any CPU.ActiveCfg = Debug|Any CPU
		{3FF78D60-FB69-4452-8A4C-4DDDA18B6CF7}.Debug|Any CPU.Build.0 = Debug|Any CPU
		{3FF78D60-FB69-4452-8A4C-4DDDA18B6CF7}.Release|Any CPU.ActiveCfg = Release|Any CPU
		{3FF78D60-FB69-4452-8A4C-4DDDA18B6CF7}.Release|Any CPU.Build.0 = Release|Any CPU
		{7D124BB2-303E-46A4-BF82-F12575E6C89F}.Debug|Any CPU.ActiveCfg = Debug|Any CPU
		{7D124BB2-303E-46A4-BF82-F12575E6C89F}.Debug|Any CPU.Build.0 = Debug|Any CPU
		{7D124BB2-303E-46A4-BF82-F12575E6C89F}.Release|Any CPU.ActiveCfg = Release|Any CPU
		{7D124BB2-303E-46A4-BF82-F12575E6C89F}.Release|Any CPU.Build.0 = Release|Any CPU
		{AA1862A6-E79C-465C-9632-17EE744FF8FE}.Debug|Any CPU.ActiveCfg = Debug|Any CPU
		{AA1862A6-E79C-465C-9632-17EE744FF8FE}.Debug|Any CPU.Build.0 = Debug|Any CPU
		{AA1862A6-E79C-465C-9632-17EE744FF8FE}.Release|Any CPU.ActiveCfg = Release|Any CPU
		{AA1862A6-E79C-465C-9632-17EE744FF8FE}.Release|Any CPU.Build.0 = Release|Any CPU
		{92D4408A-6713-41C2-A6E7-BF5E3C873A5E}.Debug|Any CPU.ActiveCfg = Debug|Any CPU
		{92D4408A-6713-41C2-A6E7-BF5E3C873A5E}.Debug|Any CPU.Build.0 = Debug|Any CPU
		{92D4408A-6713-41C2-A6E7-BF5E3C873A5E}.Release|Any CPU.ActiveCfg = Release|Any CPU
		{92D4408A-6713-41C2-A6E7-BF5E3C873A5E}.Release|Any CPU.Build.0 = Release|Any CPU
		{4BE6280F-3C24-4015-B439-076EAEFDB283}.Debug|Any CPU.ActiveCfg = Debug|Any CPU
		{4BE6280F-3C24-4015-B439-076EAEFDB283}.Debug|Any CPU.Build.0 = Debug|Any CPU
		{4BE6280F-3C24-4015-B439-076EAEFDB283}.Release|Any CPU.ActiveCfg = Release|Any CPU
		{4BE6280F-3C24-4015-B439-076EAEFDB283}.Release|Any CPU.Build.0 = Release|Any CPU
		{0DC2599F-4945-45CC-9AB3-4FE0B1C6C4B2}.Debug|Any CPU.ActiveCfg = Debug|Any CPU
		{0DC2599F-4945-45CC-9AB3-4FE0B1C6C4B2}.Debug|Any CPU.Build.0 = Debug|Any CPU
		{0DC2599F-4945-45CC-9AB3-4FE0B1C6C4B2}.Release|Any CPU.ActiveCfg = Release|Any CPU
		{0DC2599F-4945-45CC-9AB3-4FE0B1C6C4B2}.Release|Any CPU.Build.0 = Release|Any CPU
		{D753FCA7-692C-4DFE-BDCA-7CAFD5D37E1C}.Debug|Any CPU.ActiveCfg = Debug|Any CPU
		{D753FCA7-692C-4DFE-BDCA-7CAFD5D37E1C}.Debug|Any CPU.Build.0 = Debug|Any CPU
		{D753FCA7-692C-4DFE-BDCA-7CAFD5D37E1C}.Release|Any CPU.ActiveCfg = Release|Any CPU
		{D753FCA7-692C-4DFE-BDCA-7CAFD5D37E1C}.Release|Any CPU.Build.0 = Release|Any CPU
		{A968B582-A7F0-4CF7-95EB-EE9D71EE3073}.Debug|Any CPU.ActiveCfg = Debug|Any CPU
		{A968B582-A7F0-4CF7-95EB-EE9D71EE3073}.Debug|Any CPU.Build.0 = Debug|Any CPU
		{A968B582-A7F0-4CF7-95EB-EE9D71EE3073}.Release|Any CPU.ActiveCfg = Release|Any CPU
		{A968B582-A7F0-4CF7-95EB-EE9D71EE3073}.Release|Any CPU.Build.0 = Release|Any CPU
	EndGlobalSection
	GlobalSection(NestedProjects) = preSolution
		{68AA2D80-6AEE-427F-8D73-FD6285789E1D} = {C3F6113C-692C-4E0F-BA5C-6D9FF0B78E45}
		{73C76F87-5A67-4D95-A753-3860E4F02D20} = {68AA2D80-6AEE-427F-8D73-FD6285789E1D}
		{6FE06AEC-3150-485E-9E84-F31A002A89CD} = {68AA2D80-6AEE-427F-8D73-FD6285789E1D}
		{12DF6493-8527-41B3-B820-282F3CC02A8B} = {68AA2D80-6AEE-427F-8D73-FD6285789E1D}
		{320CBA37-6E09-4846-A9B5-17F33B80BB54} = {68AA2D80-6AEE-427F-8D73-FD6285789E1D}
		{3FF78D60-FB69-4452-8A4C-4DDDA18B6CF7} = {12DF6493-8527-41B3-B820-282F3CC02A8B}
		{7D124BB2-303E-46A4-BF82-F12575E6C89F} = {12DF6493-8527-41B3-B820-282F3CC02A8B}
		{AA1862A6-E79C-465C-9632-17EE744FF8FE} = {12DF6493-8527-41B3-B820-282F3CC02A8B}
		{EAD10C64-D4E6-4812-BDC8-4CA1AD353574} = {12DF6493-8527-41B3-B820-282F3CC02A8B}
		{92D4408A-6713-41C2-A6E7-BF5E3C873A5E} = {EAD10C64-D4E6-4812-BDC8-4CA1AD353574}
		{4BE6280F-3C24-4015-B439-076EAEFDB283} = {EAD10C64-D4E6-4812-BDC8-4CA1AD353574}
		{D4CE3C34-35F1-4273-AD83-6E61B265A310} = {68AA2D80-6AEE-427F-8D73-FD6285789E1D}
		{0DC2599F-4945-45CC-9AB3-4FE0B1C6C4B2} = {D4CE3C34-35F1-4273-AD83-6E61B265A310}
		{D753FCA7-692C-4DFE-BDCA-7CAFD5D37E1C} = {73C76F87-5A67-4D95-A753-3860E4F02D20}
		{A968B582-A7F0-4CF7-95EB-EE9D71EE3073} = {73C76F87-5A67-4D95-A753-3860E4F02D20}
	EndGlobalSection
EndGlobal
